
Microsoft Visual Studio Solution File, Format Version 12.00
# Visual Studio 14
VisualStudioVersion = 14.0.24720.0
MinimumVisualStudioVersion = 10.0.40219.1
Project("{FAE04EC0-301F-11D3-BF4B-00C04F79EFBC}") = "ActiveReader.Web", "ActiveReader.Web\ActiveReader.Web.csproj", "{BF1632EC-65D5-46D4-9C4E-39744264FEB8}"
EndProject
Project("{FAE04EC0-301F-11D3-BF4B-00C04F79EFBC}") = "ActiveReader.Web.Tests", "ActiveReader.Web.Tests\ActiveReader.Web.Tests.csproj", "{61DA7C4E-22E1-451C-B32D-4BF9D37E997C}"
EndProject
Project("{FAE04EC0-301F-11D3-BF4B-00C04F79EFBC}") = "ActiveReader.Persistence", "ActiveReader.Persistence\ActiveReader.Persistence.csproj", "{3B214505-A6B0-4CFD-B609-C8E20345DCBB}"
EndProject
Global
	GlobalSection(SolutionConfigurationPlatforms) = preSolution
		Debug|Any CPU = Debug|Any CPU
		Release|Any CPU = Release|Any CPU
	EndGlobalSection
	GlobalSection(ProjectConfigurationPlatforms) = postSolution
		{BF1632EC-65D5-46D4-9C4E-39744264FEB8}.Debug|Any CPU.ActiveCfg = Debug|Any CPU
		{BF1632EC-65D5-46D4-9C4E-39744264FEB8}.Debug|Any CPU.Build.0 = Debug|Any CPU
		{BF1632EC-65D5-46D4-9C4E-39744264FEB8}.Release|Any CPU.ActiveCfg = Release|Any CPU
		{BF1632EC-65D5-46D4-9C4E-39744264FEB8}.Release|Any CPU.Build.0 = Release|Any CPU
		{61DA7C4E-22E1-451C-B32D-4BF9D37E997C}.Debug|Any CPU.ActiveCfg = Debug|Any CPU
		{61DA7C4E-22E1-451C-B32D-4BF9D37E997C}.Debug|Any CPU.Build.0 = Debug|Any CPU
		{61DA7C4E-22E1-451C-B32D-4BF9D37E997C}.Release|Any CPU.ActiveCfg = Release|Any CPU
		{61DA7C4E-22E1-451C-B32D-4BF9D37E997C}.Release|Any CPU.Build.0 = Release|Any CPU
		{3B214505-A6B0-4CFD-B609-C8E20345DCBB}.Debug|Any CPU.ActiveCfg = Debug|Any CPU
		{3B214505-A6B0-4CFD-B609-C8E20345DCBB}.Debug|Any CPU.Build.0 = Debug|Any CPU
		{3B214505-A6B0-4CFD-B609-C8E20345DCBB}.Release|Any CPU.ActiveCfg = Release|Any CPU
		{3B214505-A6B0-4CFD-B609-C8E20345DCBB}.Release|Any CPU.Build.0 = Release|Any CPU
	EndGlobalSection
	GlobalSection(SolutionProperties) = preSolution
		HideSolutionNode = FALSE
	EndGlobalSection
EndGlobal
